
Microsoft Visual Studio Solution File, Format Version 12.00
# Visual Studio Version 17
VisualStudioVersion = 17.7.34221.43
MinimumVisualStudioVersion = 10.0.40219.1
Project("{FAE04EC0-301F-11D3-BF4B-00C04F79EFBC}") = "Lab4_CAA", "Lab4_CAA\Lab4_CAA.csproj", "{0B4FBA08-A96E-4957-862D-DDC322713860}"
EndProject
Global
	GlobalSection(SolutionConfigurationPlatforms) = preSolution
		Debug|Any CPU = Debug|Any CPU
		Release|Any CPU = Release|Any CPU
	EndGlobalSection
	GlobalSection(ProjectConfigurationPlatforms) = postSolution
		{0B4FBA08-A96E-4957-862D-DDC322713860}.Debug|Any CPU.ActiveCfg = Debug|Any CPU
		{0B4FBA08-A96E-4957-862D-DDC322713860}.Debug|Any CPU.Build.0 = Debug|Any CPU
		{0B4FBA08-A96E-4957-862D-DDC322713860}.Release|Any CPU.ActiveCfg = Release|Any CPU
		{0B4FBA08-A96E-4957-862D-DDC322713860}.Release|Any CPU.Build.0 = Release|Any CPU
	EndGlobalSection
	GlobalSection(SolutionProperties) = preSolution
		HideSolutionNode = FALSE
	EndGlobalSection
	GlobalSection(ExtensibilityGlobals) = postSolution
		SolutionGuid = {AADE53CD-1182-4DEB-9A00-8CECB633E30F}
	EndGlobalSection
EndGlobal
